{
  "requires": true,
  "lockfileVersion": 1,
  "dependencies": {
    "console-table-printer": {
      "version": "2.9.0",
      "resolved": "https://registry.npmjs.org/console-table-printer/-/console-table-printer-2.9.0.tgz",
      "integrity": "sha512-20o73riqnclLYJt5ggNqP2ZjtgL5OxJPWzTVi3LyVFVtubMH0XN+oOn9outL1XI5ldJgPcjdMAWc92vRscHAKA==",
      "requires": {
        "simple-wcswidth": "^1.0.1"
      }
    },
    "simple-wcswidth": {
      "version": "1.0.1",
      "resolved": "https://registry.npmjs.org/simple-wcswidth/-/simple-wcswidth-1.0.1.tgz",
      "integrity": "sha512-xMO/8eNREtaROt7tJvWJqHBDTMFN4eiQ5I4JRMuilwfnFcV5W9u7RUkueNkdw0jPqGMX36iCywelS5yilTuOxg=="
    }
  }
}
